
Microsoft Visual Studio Solution File, Format Version 12.00
# Visual Studio Version 17
VisualStudioVersion = 17.11.35327.3
MinimumVisualStudioVersion = 10.0.40219.1
Project("{FAE04EC0-301F-11D3-BF4B-00C04F79EFBC}") = "DoDAT.Presentation", "DoDAT.Presentation\DoDAT.Presentation.csproj", "{B2DD36B0-D448-4629-8452-63F6BF5B2E85}"
EndProject
Global
	GlobalSection(SolutionConfigurationPlatforms) = preSolution
		Debug|Any CPU = Debug|Any CPU
		Release|Any CPU = Release|Any CPU
	EndGlobalSection
	GlobalSection(ProjectConfigurationPlatforms) = postSolution
		{B2DD36B0-D448-4629-8452-63F6BF5B2E85}.Debug|Any CPU.ActiveCfg = Debug|Any CPU
		{B2DD36B0-D448-4629-8452-63F6BF5B2E85}.Debug|Any CPU.Build.0 = Debug|Any CPU
		{B2DD36B0-D448-4629-8452-63F6BF5B2E85}.Release|Any CPU.ActiveCfg = Release|Any CPU
		{B2DD36B0-D448-4629-8452-63F6BF5B2E85}.Release|Any CPU.Build.0 = Release|Any CPU
	EndGlobalSection
	GlobalSection(SolutionProperties) = preSolution
		HideSolutionNode = FALSE
	EndGlobalSection
	GlobalSection(ExtensibilityGlobals) = postSolution
		SolutionGuid = {B3C7FEFE-5B67-41AA-B4A6-D60DA6DC99B0}
	EndGlobalSection
EndGlobal
